<Solution>
  <Folder Name="/Solution Items/">
    <File Path=".editorconfig" />
    <File Path=".github/dependabot.yml" />
    <File Path=".github/workflows/main_AICalendar_webapp.yml" />
    <File Path="Directory.Build.props" />
    <File Path="NuGet.config" />
    <File Path="README.md" />
  </Folder>
  <Folder Name="/src/" />
  <Folder Name="/src/Client/">
    <Project Path="src/Client/AICalendar.Client.ServiceDefaults/AICalendar.Client.ServiceDefaults.csproj" Id="71250bb5-7411-4467-a767-169f632bfcde" />
    <Project Path="src/Client/AICalendar.Client/AICalendar.Client.csproj" />
  </Folder>
  <Folder Name="/src/Web/">
    <Project Path="src/Web/AICalendar.ApiService/AICalendar.ApiService.csproj" />
    <Project Path="src/Web/AICalendar.AppHost.Tests/AICalendar.AppHost.Tests.csproj" />
    <Project Path="src/Web/AICalendar.AppHost/AICalendar.AppHost.csproj" />
    <Project Path="src/Web/AICalendar.ServiceDefaults/AICalendar.ServiceDefaults.csproj" />
    <Project Path="src/Web/AICalendar.Shared/AICalendar.Shared.csproj" Id="addd9c9f-8420-4cba-93cf-0046c7f8b6bb" />
    <Project Path="src/Web/AICalendar.WebApp/AICalendar.WebApp.csproj" />
  </Folder>
</Solution>
